// !$*UTF8*$!
{
	archiveVersion = 1;
	classes = {
	};
	objectVersion = 54;
	objects = {

/* Begin PBXBuildFile section */
		601BB2D5256CA96B001D59C8 /* GKDemoTransitionViewController.m in Sources */ = {isa = PBXBuildFile; fileRef = 601BB2D4256CA96B001D59C8 /* GKDemoTransitionViewController.m */; };
		608FC6FA25469C9C003DB82F /* GKWXDetailViewController.m in Sources */ = {isa = PBXBuildFile; fileRef = 608FC6EC25469C9C003DB82F /* GKWXDetailViewController.m */; };
		608FC6FB25469C9C003DB82F /* GKWXHomeViewController.m in Sources */ = {isa = PBXBuildFile; fileRef = 608FC6EF25469C9C003DB82F /* GKWXHomeViewController.m */; };
		608FC6FC25469C9C003DB82F /* GKWXMineViewController.m in Sources */ = {isa = PBXBuildFile; fileRef = 608FC6F125469C9C003DB82F /* GKWXMineViewController.m */; };
		608FC6FD25469C9C003DB82F /* GKWXFindViewController.m in Sources */ = {isa = PBXBuildFile; fileRef = 608FC6F225469C9C003DB82F /* GKWXFindViewController.m */; };
		608FC6FE25469C9C003DB82F /* GKWXViewController.m in Sources */ = {isa = PBXBuildFile; fileRef = 608FC6F425469C9C003DB82F /* GKWXViewController.m */; };
		608FC6FF25469C9C003DB82F /* GKFloatTransition.m in Sources */ = {isa = PBXBuildFile; fileRef = 608FC6F625469C9C003DB82F /* GKFloatTransition.m */; };
		608FC70025469C9C003DB82F /* GKFloatView.m in Sources */ = {isa = PBXBuildFile; fileRef = 608FC6F725469C9C003DB82F /* GKFloatView.m */; };
		609E890D2644E3A300C15CB1 /* GKPresentViewController.m in Sources */ = {isa = PBXBuildFile; fileRef = 609E890C2644E3A300C15CB1 /* GKPresentViewController.m */; };
		60AF462C27C6061E00E6B76F /* GKDemo006ViewController.m in Sources */ = {isa = PBXBuildFile; fileRef = 60AF462B27C6061E00E6B76F /* GKDemo006ViewController.m */; };
		60B3D7A8258AFBAF003A4C7C /* GKDemo005ViewController.m in Sources */ = {isa = PBXBuildFile; fileRef = 60B3D7A7258AFBAF003A4C7C /* GKDemo005ViewController.m */; };
		60B70D77256F8A11008D62FC /* GKDemo004ViewController.m in Sources */ = {isa = PBXBuildFile; fileRef = 60B70D76256F8A11008D62FC /* GKDemo004ViewController.m */; };
		794AFC32242F07EA00BECA1B /* GKBaseViewController.m in Sources */ = {isa = PBXBuildFile; fileRef = 794AFC31242F07E900BECA1B /* GKBaseViewController.m */; };
		794AFC37242F4FB600BECA1B /* GKBaseNavigationController.m in Sources */ = {isa = PBXBuildFile; fileRef = 794AFC36242F4FB600BECA1B /* GKBaseNavigationController.m */; };
		794BB31C2D362DFE00F49D4A /* GKDemo008ViewController.m in Sources */ = {isa = PBXBuildFile; fileRef = 794BB31B2D362DFE00F49D4A /* GKDemo008ViewController.m */; };
		794BB31F2D363E6F00F49D4A /* GKAVPlayerViewController.m in Sources */ = {isa = PBXBuildFile; fileRef = 794BB31E2D363E6F00F49D4A /* GKAVPlayerViewController.m */; };
		795442922D40A9FD00D2DEB4 /* UIDevice+GKExtension.m in Sources */ = {isa = PBXBuildFile; fileRef = 795442912D40A9FD00D2DEB4 /* UIDevice+GKExtension.m */; };
		79672E8B236EC0520054300B /* README.md in Resources */ = {isa = PBXBuildFile; fileRef = 79672E8A236EC0520054300B /* README.md */; };
		79672E8D236EC0740054300B /* GKNavigationBar.podspec in Resources */ = {isa = PBXBuildFile; fileRef = 79672E8C236EC0740054300B /* GKNavigationBar.podspec */; };
		796CF7F1236D781400983E9B /* AppDelegate.m in Sources */ = {isa = PBXBuildFile; fileRef = 796CF7F0236D781400983E9B /* AppDelegate.m */; };
		796CF7FC236D781700983E9B /* Assets.xcassets in Resources */ = {isa = PBXBuildFile; fileRef = 796CF7FB236D781700983E9B /* Assets.xcassets */; };
		796CF7FF236D781700983E9B /* LaunchScreen.storyboard in Resources */ = {isa = PBXBuildFile; fileRef = 796CF7FD236D781700983E9B /* LaunchScreen.storyboard */; };
		796CF802236D781700983E9B /* main.m in Sources */ = {isa = PBXBuildFile; fileRef = 796CF801236D781700983E9B /* main.m */; };
		796CF8AE236D7BBF00983E9B /* GKMainViewController.m in Sources */ = {isa = PBXBuildFile; fileRef = 796CF844236D7BBF00983E9B /* GKMainViewController.m */; };
		796CF8AF236D7BBF00983E9B /* GKTabBaseViewController.m in Sources */ = {isa = PBXBuildFile; fileRef = 796CF848236D7BBF00983E9B /* GKTabBaseViewController.m */; };
		796CF8B0236D7BBF00983E9B /* GKDemoBaseViewController.m in Sources */ = {isa = PBXBuildFile; fileRef = 796CF849236D7BBF00983E9B /* GKDemoBaseViewController.m */; };
		796CF8B1236D7BBF00983E9B /* UIView+Extension.m in Sources */ = {isa = PBXBuildFile; fileRef = 796CF84A236D7BBF00983E9B /* UIView+Extension.m */; };
		796CF8B7236D7BBF00983E9B /* GKToutiaoViewController.m in Sources */ = {isa = PBXBuildFile; fileRef = 796CF858236D7BBF00983E9B /* GKToutiaoViewController.m */; };
		796CF8B8236D7BBF00983E9B /* GKToutiaoMineViewController.m in Sources */ = {isa = PBXBuildFile; fileRef = 796CF85A236D7BBF00983E9B /* GKToutiaoMineViewController.m */; };
		796CF8B9236D7BBF00983E9B /* GKToutiaoDetailViewController.m in Sources */ = {isa = PBXBuildFile; fileRef = 796CF85C236D7BBF00983E9B /* GKToutiaoDetailViewController.m */; };
		796CF8BA236D7BBF00983E9B /* GKToutiaoVideoViewController.m in Sources */ = {isa = PBXBuildFile; fileRef = 796CF85D236D7BBF00983E9B /* GKToutiaoVideoViewController.m */; };
		796CF8BB236D7BBF00983E9B /* GKToutiaoMicroViewController.m in Sources */ = {isa = PBXBuildFile; fileRef = 796CF85F236D7BBF00983E9B /* GKToutiaoMicroViewController.m */; };
		796CF8BC236D7BBF00983E9B /* GKToutiaoHomeViewController.m in Sources */ = {isa = PBXBuildFile; fileRef = 796CF863236D7BBF00983E9B /* GKToutiaoHomeViewController.m */; };
		796CF8BD236D7BBF00983E9B /* GKWYMusicDetailViewController.m in Sources */ = {isa = PBXBuildFile; fileRef = 796CF86C236D7BBF00983E9B /* GKWYMusicDetailViewController.m */; };
		796CF8BE236D7BBF00983E9B /* GKWYMusicFriendViewController.m in Sources */ = {isa = PBXBuildFile; fileRef = 796CF86D236D7BBF00983E9B /* GKWYMusicFriendViewController.m */; };
		796CF8BF236D7BBF00983E9B /* GKWYMusicFindViewController.m in Sources */ = {isa = PBXBuildFile; fileRef = 796CF86E236D7BBF00983E9B /* GKWYMusicFindViewController.m */; };
		796CF8C0236D7BBF00983E9B /* GKWYMusicMineViewController.m in Sources */ = {isa = PBXBuildFile; fileRef = 796CF86F236D7BBF00983E9B /* GKWYMusicMineViewController.m */; };
		796CF8C1236D7BBF00983E9B /* GKWYMusicAccountViewController.m in Sources */ = {isa = PBXBuildFile; fileRef = 796CF871236D7BBF00983E9B /* GKWYMusicAccountViewController.m */; };
		796CF8C2236D7BBF00983E9B /* GKWYMusicViewController.m in Sources */ = {isa = PBXBuildFile; fileRef = 796CF872236D7BBF00983E9B /* GKWYMusicViewController.m */; };
		796CF8C3236D7BBF00983E9B /* GKWYNewsViewController.m in Sources */ = {isa = PBXBuildFile; fileRef = 796CF874236D7BBF00983E9B /* GKWYNewsViewController.m */; };
		796CF8C4236D7BBF00983E9B /* GKWYNewsHomeViewController.m in Sources */ = {isa = PBXBuildFile; fileRef = 796CF877236D7BBF00983E9B /* GKWYNewsHomeViewController.m */; };
		796CF8C5236D7BBF00983E9B /* GKWYNewsNewViewController.m in Sources */ = {isa = PBXBuildFile; fileRef = 796CF878236D7BBF00983E9B /* GKWYNewsNewViewController.m */; };
		796CF8C6236D7BBF00983E9B /* GKWYNewsProfileViewController.m in Sources */ = {isa = PBXBuildFile; fileRef = 796CF879236D7BBF00983E9B /* GKWYNewsProfileViewController.m */; };
		796CF8C7236D7BBF00983E9B /* GKWYNewsCommentViewController.m in Sources */ = {isa = PBXBuildFile; fileRef = 796CF87B236D7BBF00983E9B /* GKWYNewsCommentViewController.m */; };
		796CF8C8236D7BBF00983E9B /* GKWYNewsDetailViewController.m in Sources */ = {isa = PBXBuildFile; fileRef = 796CF87E236D7BBF00983E9B /* GKWYNewsDetailViewController.m */; };
		796CF8C9236D7BBF00983E9B /* GKWYNewsVideoViewController.m in Sources */ = {isa = PBXBuildFile; fileRef = 796CF882236D7BBF00983E9B /* GKWYNewsVideoViewController.m */; };
		796CF8CA236D7BBF00983E9B /* GKWYNewsLiveViewController.m in Sources */ = {isa = PBXBuildFile; fileRef = 796CF883236D7BBF00983E9B /* GKWYNewsLiveViewController.m */; };
		796CF8D1236D7BBF00983E9B /* GKDemo002ViewController.m in Sources */ = {isa = PBXBuildFile; fileRef = 796CF892236D7BBF00983E9B /* GKDemo002ViewController.m */; };
		796CF8D2236D7BBF00983E9B /* GKDemo001ViewController.m in Sources */ = {isa = PBXBuildFile; fileRef = 796CF893236D7BBF00983E9B /* GKDemo001ViewController.m */; };
		796CF8D6236D7BBF00983E9B /* GKDemo003ViewController.m in Sources */ = {isa = PBXBuildFile; fileRef = 796CF89D236D7BBF00983E9B /* GKDemo003ViewController.m */; };
		796CF8D9236D7BBF00983E9B /* GKDouyinHomePlayerViewController.m in Sources */ = {isa = PBXBuildFile; fileRef = 796CF8A8236D7BBF00983E9B /* GKDouyinHomePlayerViewController.m */; };
		796CF8DA236D7BBF00983E9B /* GKDouyinHomeViewController.m in Sources */ = {isa = PBXBuildFile; fileRef = 796CF8A9236D7BBF00983E9B /* GKDouyinHomeViewController.m */; };
		796CF8DB236D7BBF00983E9B /* GKDouyinScrollView.m in Sources */ = {isa = PBXBuildFile; fileRef = 796CF8AA236D7BBF00983E9B /* GKDouyinScrollView.m */; };
		796CF8DC236D7BBF00983E9B /* GKDouyinPersonalViewController.m in Sources */ = {isa = PBXBuildFile; fileRef = 796CF8AB236D7BBF00983E9B /* GKDouyinPersonalViewController.m */; };
		796CF8DD236D7BBF00983E9B /* GKDouyinHomeSearchViewController.m in Sources */ = {isa = PBXBuildFile; fileRef = 796CF8AC236D7BBF00983E9B /* GKDouyinHomeSearchViewController.m */; };
		79C48BBC243B0757000B0815 /* GKDemo000ViewController.m in Sources */ = {isa = PBXBuildFile; fileRef = 79C48BBB243B0757000B0815 /* GKDemo000ViewController.m */; };
		79C48BBE243B0775000B0815 /* GKDemo000ViewController.xib in Resources */ = {isa = PBXBuildFile; fileRef = 79C48BBD243B0775000B0815 /* GKDemo000ViewController.xib */; };
		79C48BC2243B3DEE000B0815 /* web.txt in Resources */ = {isa = PBXBuildFile; fileRef = 79C48BC1243B3DEE000B0815 /* web.txt */; };
		79C6AFEC237ED92900C636B9 /* GKDemoWebViewController.m in Sources */ = {isa = PBXBuildFile; fileRef = 79C6AFEB237ED92900C636B9 /* GKDemoWebViewController.m */; };
		79E572262893793D005EB065 /* GKDemo007ViewController.m in Sources */ = {isa = PBXBuildFile; fileRef = 79E572252893793D005EB065 /* GKDemo007ViewController.m */; };
		79E5722928937E07005EB065 /* GKDemo007ListViewController.m in Sources */ = {isa = PBXBuildFile; fileRef = 79E5722828937E07005EB065 /* GKDemo007ListViewController.m */; };
		A8DAB537E488DAD24E9CB664 /* Pods_GKNavigationBarExample.framework in Frameworks */ = {isa = PBXBuildFile; fileRef = 15E89D0D10B663CF9EF209C1 /* Pods_GKNavigationBarExample.framework */; };
/* End PBXBuildFile section */

/* Begin PBXFileReference section */
		15E89D0D10B663CF9EF209C1 /* Pods_GKNavigationBarExample.framework */ = {isa = PBXFileReference; explicitFileType = wrapper.framework; includeInIndex = 0; path = Pods_GKNavigationBarExample.framework; sourceTree = BUILT_PRODUCTS_DIR; };
		601BB2D3256CA96B001D59C8 /* GKDemoTransitionViewController.h */ = {isa = PBXFileReference; lastKnownFileType = sourcecode.c.h; path = GKDemoTransitionViewController.h; sourceTree = "<group>"; };
		601BB2D4256CA96B001D59C8 /* GKDemoTransitionViewController.m */ = {isa = PBXFileReference; lastKnownFileType = sourcecode.c.objc; path = GKDemoTransitionViewController.m; sourceTree = "<group>"; };
		608FC6EA25469C9C003DB82F /* GKWXViewController.h */ = {isa = PBXFileReference; fileEncoding = 4; lastKnownFileType = sourcecode.c.h; path = GKWXViewController.h; sourceTree = "<group>"; };
		608FC6EC25469C9C003DB82F /* GKWXDetailViewController.m */ = {isa = PBXFileReference; fileEncoding = 4; lastKnownFileType = sourcecode.c.objc; path = GKWXDetailViewController.m; sourceTree = "<group>"; };
		608FC6ED25469C9C003DB82F /* GKWXFindViewController.h */ = {isa = PBXFileReference; fileEncoding = 4; lastKnownFileType = sourcecode.c.h; path = GKWXFindViewController.h; sourceTree = "<group>"; };
		608FC6EE25469C9C003DB82F /* GKWXMineViewController.h */ = {isa = PBXFileReference; fileEncoding = 4; lastKnownFileType = sourcecode.c.h; path = GKWXMineViewController.h; sourceTree = "<group>"; };
		608FC6EF25469C9C003DB82F /* GKWXHomeViewController.m */ = {isa = PBXFileReference; fileEncoding = 4; lastKnownFileType = sourcecode.c.objc; path = GKWXHomeViewController.m; sourceTree = "<group>"; };
		608FC6F025469C9C003DB82F /* GKWXDetailViewController.h */ = {isa = PBXFileReference; fileEncoding = 4; lastKnownFileType = sourcecode.c.h; path = GKWXDetailViewController.h; sourceTree = "<group>"; };
		608FC6F125469C9C003DB82F /* GKWXMineViewController.m */ = {isa = PBXFileReference; fileEncoding = 4; lastKnownFileType = sourcecode.c.objc; path = GKWXMineViewController.m; sourceTree = "<group>"; };
		608FC6F225469C9C003DB82F /* GKWXFindViewController.m */ = {isa = PBXFileReference; fileEncoding = 4; lastKnownFileType = sourcecode.c.objc; path = GKWXFindViewController.m; sourceTree = "<group>"; };
		608FC6F325469C9C003DB82F /* GKWXHomeViewController.h */ = {isa = PBXFileReference; fileEncoding = 4; lastKnownFileType = sourcecode.c.h; path = GKWXHomeViewController.h; sourceTree = "<group>"; };
		608FC6F425469C9C003DB82F /* GKWXViewController.m */ = {isa = PBXFileReference; fileEncoding = 4; lastKnownFileType = sourcecode.c.objc; path = GKWXViewController.m; sourceTree = "<group>"; };
		608FC6F625469C9C003DB82F /* GKFloatTransition.m */ = {isa = PBXFileReference; fileEncoding = 4; lastKnownFileType = sourcecode.c.objc; path = GKFloatTransition.m; sourceTree = "<group>"; };
		608FC6F725469C9C003DB82F /* GKFloatView.m */ = {isa = PBXFileReference; fileEncoding = 4; lastKnownFileType = sourcecode.c.objc; path = GKFloatView.m; sourceTree = "<group>"; };
		608FC6F825469C9C003DB82F /* GKFloatTransition.h */ = {isa = PBXFileReference; fileEncoding = 4; lastKnownFileType = sourcecode.c.h; path = GKFloatTransition.h; sourceTree = "<group>"; };
		608FC6F925469C9C003DB82F /* GKFloatView.h */ = {isa = PBXFileReference; fileEncoding = 4; lastKnownFileType = sourcecode.c.h; path = GKFloatView.h; sourceTree = "<group>"; };
		609E890B2644E3A300C15CB1 /* GKPresentViewController.h */ = {isa = PBXFileReference; lastKnownFileType = sourcecode.c.h; path = GKPresentViewController.h; sourceTree = "<group>"; };
		609E890C2644E3A300C15CB1 /* GKPresentViewController.m */ = {isa = PBXFileReference; lastKnownFileType = sourcecode.c.objc; path = GKPresentViewController.m; sourceTree = "<group>"; };
		60AF462A27C6061E00E6B76F /* GKDemo006ViewController.h */ = {isa = PBXFileReference; lastKnownFileType = sourcecode.c.h; path = GKDemo006ViewController.h; sourceTree = "<group>"; };
		60AF462B27C6061E00E6B76F /* GKDemo006ViewController.m */ = {isa = PBXFileReference; lastKnownFileType = sourcecode.c.objc; path = GKDemo006ViewController.m; sourceTree = "<group>"; };
		60B3D7A6258AFBAF003A4C7C /* GKDemo005ViewController.h */ = {isa = PBXFileReference; lastKnownFileType = sourcecode.c.h; path = GKDemo005ViewController.h; sourceTree = "<group>"; };
		60B3D7A7258AFBAF003A4C7C /* GKDemo005ViewController.m */ = {isa = PBXFileReference; lastKnownFileType = sourcecode.c.objc; path = GKDemo005ViewController.m; sourceTree = "<group>"; };
		60B70D75256F8A11008D62FC /* GKDemo004ViewController.h */ = {isa = PBXFileReference; lastKnownFileType = sourcecode.c.h; path = GKDemo004ViewController.h; sourceTree = "<group>"; };
		60B70D76256F8A11008D62FC /* GKDemo004ViewController.m */ = {isa = PBXFileReference; lastKnownFileType = sourcecode.c.objc; path = GKDemo004ViewController.m; sourceTree = "<group>"; };
		794AFC30242F07E900BECA1B /* GKBaseViewController.h */ = {isa = PBXFileReference; lastKnownFileType = sourcecode.c.h; path = GKBaseViewController.h; sourceTree = "<group>"; };
		794AFC31242F07E900BECA1B /* GKBaseViewController.m */ = {isa = PBXFileReference; lastKnownFileType = sourcecode.c.objc; path = GKBaseViewController.m; sourceTree = "<group>"; };
		794AFC35242F4FB600BECA1B /* GKBaseNavigationController.h */ = {isa = PBXFileReference; lastKnownFileType = sourcecode.c.h; path = GKBaseNavigationController.h; sourceTree = "<group>"; };
		794AFC36242F4FB600BECA1B /* GKBaseNavigationController.m */ = {isa = PBXFileReference; lastKnownFileType = sourcecode.c.objc; path = GKBaseNavigationController.m; sourceTree = "<group>"; };
		794BB31A2D362DFE00F49D4A /* GKDemo008ViewController.h */ = {isa = PBXFileReference; lastKnownFileType = sourcecode.c.h; path = GKDemo008ViewController.h; sourceTree = "<group>"; };
		794BB31B2D362DFE00F49D4A /* GKDemo008ViewController.m */ = {isa = PBXFileReference; lastKnownFileType = sourcecode.c.objc; path = GKDemo008ViewController.m; sourceTree = "<group>"; };
		794BB31D2D363E6F00F49D4A /* GKAVPlayerViewController.h */ = {isa = PBXFileReference; lastKnownFileType = sourcecode.c.h; path = GKAVPlayerViewController.h; sourceTree = "<group>"; };
		794BB31E2D363E6F00F49D4A /* GKAVPlayerViewController.m */ = {isa = PBXFileReference; lastKnownFileType = sourcecode.c.objc; path = GKAVPlayerViewController.m; sourceTree = "<group>"; };
		795442902D40A9FD00D2DEB4 /* UIDevice+GKExtension.h */ = {isa = PBXFileReference; lastKnownFileType = sourcecode.c.h; path = "UIDevice+GKExtension.h"; sourceTree = "<group>"; };
		795442912D40A9FD00D2DEB4 /* UIDevice+GKExtension.m */ = {isa = PBXFileReference; lastKnownFileType = sourcecode.c.objc; path = "UIDevice+GKExtension.m"; sourceTree = "<group>"; };
		79672E89236EC04A0054300B /* .travis.yml */ = {isa = PBXFileReference; lastKnownFileType = text.yaml; name = .travis.yml; path = ../../.travis.yml; sourceTree = "<group>"; };
		79672E8A236EC0520054300B /* README.md */ = {isa = PBXFileReference; fileEncoding = 4; lastKnownFileType = net.daringfireball.markdown; name = README.md; path = ../../README.md; sourceTree = "<group>"; };
		79672E8C236EC0740054300B /* GKNavigationBar.podspec */ = {isa = PBXFileReference; fileEncoding = 4; lastKnownFileType = text; name = GKNavigationBar.podspec; path = ../../GKNavigationBar.podspec; sourceTree = "<group>"; xcLanguageSpecificationIdentifier = xcode.lang.ruby; };
		79672E93236EC8EB0054300B /* GKNavigationBar.framework */ = {isa = PBXFileReference; explicitFileType = wrapper.framework; includeInIndex = 0; path = GKNavigationBar.framework; sourceTree = BUILT_PRODUCTS_DIR; };
		79672E96236EC8EB0054300B /* Info.plist */ = {isa = PBXFileReference; lastKnownFileType = text.plist.xml; path = Info.plist; sourceTree = "<group>"; };
		796CF7EC236D781400983E9B /* GKNavigationBarExample.app */ = {isa = PBXFileReference; explicitFileType = wrapper.application; includeInIndex = 0; path = GKNavigationBarExample.app; sourceTree = BUILT_PRODUCTS_DIR; };
		796CF7EF236D781400983E9B /* AppDelegate.h */ = {isa = PBXFileReference; lastKnownFileType = sourcecode.c.h; path = AppDelegate.h; sourceTree = "<group>"; };
		796CF7F0236D781400983E9B /* AppDelegate.m */ = {isa = PBXFileReference; lastKnownFileType = sourcecode.c.objc; path = AppDelegate.m; sourceTree = "<group>"; };
		796CF7FB236D781700983E9B /* Assets.xcassets */ = {isa = PBXFileReference; lastKnownFileType = folder.assetcatalog; path = Assets.xcassets; sourceTree = "<group>"; };
		796CF7FE236D781700983E9B /* Base */ = {isa = PBXFileReference; lastKnownFileType = file.storyboard; name = Base; path = Base.lproj/LaunchScreen.storyboard; sourceTree = "<group>"; };
		796CF800236D781700983E9B /* Info.plist */ = {isa = PBXFileReference; lastKnownFileType = text.plist.xml; path = Info.plist; sourceTree = "<group>"; };
		796CF801236D781700983E9B /* main.m */ = {isa = PBXFileReference; lastKnownFileType = sourcecode.c.objc; path = main.m; sourceTree = "<group>"; };
		796CF844236D7BBF00983E9B /* GKMainViewController.m */ = {isa = PBXFileReference; fileEncoding = 4; lastKnownFileType = sourcecode.c.objc; path = GKMainViewController.m; sourceTree = "<group>"; };
		796CF846236D7BBF00983E9B /* GKDemoBaseViewController.h */ = {isa = PBXFileReference; fileEncoding = 4; lastKnownFileType = sourcecode.c.h; path = GKDemoBaseViewController.h; sourceTree = "<group>"; };
		796CF847236D7BBF00983E9B /* UIView+Extension.h */ = {isa = PBXFileReference; fileEncoding = 4; lastKnownFileType = sourcecode.c.h; path = "UIView+Extension.h"; sourceTree = "<group>"; };
		796CF848236D7BBF00983E9B /* GKTabBaseViewController.m */ = {isa = PBXFileReference; fileEncoding = 4; lastKnownFileType = sourcecode.c.objc; path = GKTabBaseViewController.m; sourceTree = "<group>"; };
		796CF849236D7BBF00983E9B /* GKDemoBaseViewController.m */ = {isa = PBXFileReference; fileEncoding = 4; lastKnownFileType = sourcecode.c.objc; path = GKDemoBaseViewController.m; sourceTree = "<group>"; };
		796CF84A236D7BBF00983E9B /* UIView+Extension.m */ = {isa = PBXFileReference; fileEncoding = 4; lastKnownFileType = sourcecode.c.objc; path = "UIView+Extension.m"; sourceTree = "<group>"; };
		796CF84B236D7BBF00983E9B /* GKTabBaseViewController.h */ = {isa = PBXFileReference; fileEncoding = 4; lastKnownFileType = sourcecode.c.h; path = GKTabBaseViewController.h; sourceTree = "<group>"; };
		796CF858236D7BBF00983E9B /* GKToutiaoViewController.m */ = {isa = PBXFileReference; fileEncoding = 4; lastKnownFileType = sourcecode.c.objc; path = GKToutiaoViewController.m; sourceTree = "<group>"; };
		796CF85A236D7BBF00983E9B /* GKToutiaoMineViewController.m */ = {isa = PBXFileReference; fileEncoding = 4; lastKnownFileType = sourcecode.c.objc; path = GKToutiaoMineViewController.m; sourceTree = "<group>"; };
		796CF85B236D7BBF00983E9B /* GKToutiaoMicroViewController.h */ = {isa = PBXFileReference; fileEncoding = 4; lastKnownFileType = sourcecode.c.h; path = GKToutiaoMicroViewController.h; sourceTree = "<group>"; };
		796CF85C236D7BBF00983E9B /* GKToutiaoDetailViewController.m */ = {isa = PBXFileReference; fileEncoding = 4; lastKnownFileType = sourcecode.c.objc; path = GKToutiaoDetailViewController.m; sourceTree = "<group>"; };
		796CF85D236D7BBF00983E9B /* GKToutiaoVideoViewController.m */ = {isa = PBXFileReference; fileEncoding = 4; lastKnownFileType = sourcecode.c.objc; path = GKToutiaoVideoViewController.m; sourceTree = "<group>"; };
		796CF85E236D7BBF00983E9B /* GKToutiaoHomeViewController.h */ = {isa = PBXFileReference; fileEncoding = 4; lastKnownFileType = sourcecode.c.h; path = GKToutiaoHomeViewController.h; sourceTree = "<group>"; };
		796CF85F236D7BBF00983E9B /* GKToutiaoMicroViewController.m */ = {isa = PBXFileReference; fileEncoding = 4; lastKnownFileType = sourcecode.c.objc; path = GKToutiaoMicroViewController.m; sourceTree = "<group>"; };
		796CF860236D7BBF00983E9B /* GKToutiaoMineViewController.h */ = {isa = PBXFileReference; fileEncoding = 4; lastKnownFileType = sourcecode.c.h; path = GKToutiaoMineViewController.h; sourceTree = "<group>"; };
		796CF861236D7BBF00983E9B /* GKToutiaoDetailViewController.h */ = {isa = PBXFileReference; fileEncoding = 4; lastKnownFileType = sourcecode.c.h; path = GKToutiaoDetailViewController.h; sourceTree = "<group>"; };
		796CF862236D7BBF00983E9B /* GKToutiaoVideoViewController.h */ = {isa = PBXFileReference; fileEncoding = 4; lastKnownFileType = sourcecode.c.h; path = GKToutiaoVideoViewController.h; sourceTree = "<group>"; };
		796CF863236D7BBF00983E9B /* GKToutiaoHomeViewController.m */ = {isa = PBXFileReference; fileEncoding = 4; lastKnownFileType = sourcecode.c.objc; path = GKToutiaoHomeViewController.m; sourceTree = "<group>"; };
		796CF864236D7BBF00983E9B /* GKToutiaoViewController.h */ = {isa = PBXFileReference; fileEncoding = 4; lastKnownFileType = sourcecode.c.h; path = GKToutiaoViewController.h; sourceTree = "<group>"; };
		796CF866236D7BBF00983E9B /* GKWYMusicViewController.h */ = {isa = PBXFileReference; fileEncoding = 4; lastKnownFileType = sourcecode.c.h; path = GKWYMusicViewController.h; sourceTree = "<group>"; };
		796CF868236D7BBF00983E9B /* GKWYMusicMineViewController.h */ = {isa = PBXFileReference; fileEncoding = 4; lastKnownFileType = sourcecode.c.h; path = GKWYMusicMineViewController.h; sourceTree = "<group>"; };
		796CF869236D7BBF00983E9B /* GKWYMusicFindViewController.h */ = {isa = PBXFileReference; fileEncoding = 4; lastKnownFileType = sourcecode.c.h; path = GKWYMusicFindViewController.h; sourceTree = "<group>"; };
		796CF86A236D7BBF00983E9B /* GKWYMusicFriendViewController.h */ = {isa = PBXFileReference; fileEncoding = 4; lastKnownFileType = sourcecode.c.h; path = GKWYMusicFriendViewController.h; sourceTree = "<group>"; };
		796CF86B236D7BBF00983E9B /* GKWYMusicAccountViewController.h */ = {isa = PBXFileReference; fileEncoding = 4; lastKnownFileType = sourcecode.c.h; path = GKWYMusicAccountViewController.h; sourceTree = "<group>"; };
		796CF86C236D7BBF00983E9B /* GKWYMusicDetailViewController.m */ = {isa = PBXFileReference; fileEncoding = 4; lastKnownFileType = sourcecode.c.objc; path = GKWYMusicDetailViewController.m; sourceTree = "<group>"; };
		796CF86D236D7BBF00983E9B /* GKWYMusicFriendViewController.m */ = {isa = PBXFileReference; fileEncoding = 4; lastKnownFileType = sourcecode.c.objc; path = GKWYMusicFriendViewController.m; sourceTree = "<group>"; };
		796CF86E236D7BBF00983E9B /* GKWYMusicFindViewController.m */ = {isa = PBXFileReference; fileEncoding = 4; lastKnownFileType = sourcecode.c.objc; path = GKWYMusicFindViewController.m; sourceTree = "<group>"; };
		796CF86F236D7BBF00983E9B /* GKWYMusicMineViewController.m */ = {isa = PBXFileReference; fileEncoding = 4; lastKnownFileType = sourcecode.c.objc; path = GKWYMusicMineViewController.m; sourceTree = "<group>"; };
		796CF870236D7BBF00983E9B /* GKWYMusicDetailViewController.h */ = {isa = PBXFileReference; fileEncoding = 4; lastKnownFileType = sourcecode.c.h; path = GKWYMusicDetailViewController.h; sourceTree = "<group>"; };
		796CF871236D7BBF00983E9B /* GKWYMusicAccountViewController.m */ = {isa = PBXFileReference; fileEncoding = 4; lastKnownFileType = sourcecode.c.objc; path = GKWYMusicAccountViewController.m; sourceTree = "<group>"; };
		796CF872236D7BBF00983E9B /* GKWYMusicViewController.m */ = {isa = PBXFileReference; fileEncoding = 4; lastKnownFileType = sourcecode.c.objc; path = GKWYMusicViewController.m; sourceTree = "<group>"; };
		796CF874236D7BBF00983E9B /* GKWYNewsViewController.m */ = {isa = PBXFileReference; fileEncoding = 4; lastKnownFileType = sourcecode.c.objc; path = GKWYNewsViewController.m; sourceTree = "<group>"; };
		796CF876236D7BBF00983E9B /* GKWYNewsDetailViewController.h */ = {isa = PBXFileReference; fileEncoding = 4; lastKnownFileType = sourcecode.c.h; path = GKWYNewsDetailViewController.h; sourceTree = "<group>"; };
		796CF877236D7BBF00983E9B /* GKWYNewsHomeViewController.m */ = {isa = PBXFileReference; fileEncoding = 4; lastKnownFileType = sourcecode.c.objc; path = GKWYNewsHomeViewController.m; sourceTree = "<group>"; };
		796CF878236D7BBF00983E9B /* GKWYNewsNewViewController.m */ = {isa = PBXFileReference; fileEncoding = 4; lastKnownFileType = sourcecode.c.objc; path = GKWYNewsNewViewController.m; sourceTree = "<group>"; };
		796CF879236D7BBF00983E9B /* GKWYNewsProfileViewController.m */ = {isa = PBXFileReference; fileEncoding = 4; lastKnownFileType = sourcecode.c.objc; path = GKWYNewsProfileViewController.m; sourceTree = "<group>"; };
		796CF87A236D7BBF00983E9B /* GKWYNewsVideoViewController.h */ = {isa = PBXFileReference; fileEncoding = 4; lastKnownFileType = sourcecode.c.h; path = GKWYNewsVideoViewController.h; sourceTree = "<group>"; };
		796CF87B236D7BBF00983E9B /* GKWYNewsCommentViewController.m */ = {isa = PBXFileReference; fileEncoding = 4; lastKnownFileType = sourcecode.c.objc; path = GKWYNewsCommentViewController.m; sourceTree = "<group>"; };
		796CF87C236D7BBF00983E9B /* GKWYNewsLiveViewController.h */ = {isa = PBXFileReference; fileEncoding = 4; lastKnownFileType = sourcecode.c.h; path = GKWYNewsLiveViewController.h; sourceTree = "<group>"; };
		796CF87D236D7BBF00983E9B /* GKWYNewsHomeViewController.h */ = {isa = PBXFileReference; fileEncoding = 4; lastKnownFileType = sourcecode.c.h; path = GKWYNewsHomeViewController.h; sourceTree = "<group>"; };
		796CF87E236D7BBF00983E9B /* GKWYNewsDetailViewController.m */ = {isa = PBXFileReference; fileEncoding = 4; lastKnownFileType = sourcecode.c.objc; path = GKWYNewsDetailViewController.m; sourceTree = "<group>"; };
		796CF87F236D7BBF00983E9B /* GKWYNewsProfileViewController.h */ = {isa = PBXFileReference; fileEncoding = 4; lastKnownFileType = sourcecode.c.h; path = GKWYNewsProfileViewController.h; sourceTree = "<group>"; };
		796CF880236D7BBF00983E9B /* GKWYNewsNewViewController.h */ = {isa = PBXFileReference; fileEncoding = 4; lastKnownFileType = sourcecode.c.h; path = GKWYNewsNewViewController.h; sourceTree = "<group>"; };
		796CF881236D7BBF00983E9B /* GKWYNewsCommentViewController.h */ = {isa = PBXFileReference; fileEncoding = 4; lastKnownFileType = sourcecode.c.h; path = GKWYNewsCommentViewController.h; sourceTree = "<group>"; };
		796CF882236D7BBF00983E9B /* GKWYNewsVideoViewController.m */ = {isa = PBXFileReference; fileEncoding = 4; lastKnownFileType = sourcecode.c.objc; path = GKWYNewsVideoViewController.m; sourceTree = "<group>"; };
		796CF883236D7BBF00983E9B /* GKWYNewsLiveViewController.m */ = {isa = PBXFileReference; fileEncoding = 4; lastKnownFileType = sourcecode.c.objc; path = GKWYNewsLiveViewController.m; sourceTree = "<group>"; };
		796CF884236D7BBF00983E9B /* GKWYNewsViewController.h */ = {isa = PBXFileReference; fileEncoding = 4; lastKnownFileType = sourcecode.c.h; path = GKWYNewsViewController.h; sourceTree = "<group>"; };
		796CF885236D7BBF00983E9B /* GKMainViewController.h */ = {isa = PBXFileReference; fileEncoding = 4; lastKnownFileType = sourcecode.c.h; path = GKMainViewController.h; sourceTree = "<group>"; };
		796CF890236D7BBF00983E9B /* GKDemo003ViewController.h */ = {isa = PBXFileReference; fileEncoding = 4; lastKnownFileType = sourcecode.c.h; path = GKDemo003ViewController.h; sourceTree = "<group>"; };
		796CF892236D7BBF00983E9B /* GKDemo002ViewController.m */ = {isa = PBXFileReference; fileEncoding = 4; lastKnownFileType = sourcecode.c.objc; path = GKDemo002ViewController.m; sourceTree = "<group>"; };
		796CF893236D7BBF00983E9B /* GKDemo001ViewController.m */ = {isa = PBXFileReference; fileEncoding = 4; lastKnownFileType = sourcecode.c.objc; path = GKDemo001ViewController.m; sourceTree = "<group>"; };
		796CF89D236D7BBF00983E9B /* GKDemo003ViewController.m */ = {isa = PBXFileReference; fileEncoding = 4; lastKnownFileType = sourcecode.c.objc; path = GKDemo003ViewController.m; sourceTree = "<group>"; };
		796CF8A0236D7BBF00983E9B /* GKDemo001ViewController.h */ = {isa = PBXFileReference; fileEncoding = 4; lastKnownFileType = sourcecode.c.h; path = GKDemo001ViewController.h; sourceTree = "<group>"; };
		796CF8A1236D7BBF00983E9B /* GKDemo002ViewController.h */ = {isa = PBXFileReference; fileEncoding = 4; lastKnownFileType = sourcecode.c.h; path = GKDemo002ViewController.h; sourceTree = "<group>"; };
		796CF8A4236D7BBF00983E9B /* GKDouyinScrollView.h */ = {isa = PBXFileReference; fileEncoding = 4; lastKnownFileType = sourcecode.c.h; path = GKDouyinScrollView.h; sourceTree = "<group>"; };
		796CF8A5236D7BBF00983E9B /* GKDouyinHomeViewController.h */ = {isa = PBXFileReference; fileEncoding = 4; lastKnownFileType = sourcecode.c.h; path = GKDouyinHomeViewController.h; sourceTree = "<group>"; };
		796CF8A6236D7BBF00983E9B /* GKDouyinHomeSearchViewController.h */ = {isa = PBXFileReference; fileEncoding = 4; lastKnownFileType = sourcecode.c.h; path = GKDouyinHomeSearchViewController.h; sourceTree = "<group>"; };
		796CF8A7236D7BBF00983E9B /* GKDouyinPersonalViewController.h */ = {isa = PBXFileReference; fileEncoding = 4; lastKnownFileType = sourcecode.c.h; path = GKDouyinPersonalViewController.h; sourceTree = "<group>"; };
		796CF8A8236D7BBF00983E9B /* GKDouyinHomePlayerViewController.m */ = {isa = PBXFileReference; fileEncoding = 4; lastKnownFileType = sourcecode.c.objc; path = GKDouyinHomePlayerViewController.m; sourceTree = "<group>"; };
		796CF8A9236D7BBF00983E9B /* GKDouyinHomeViewController.m */ = {isa = PBXFileReference; fileEncoding = 4; lastKnownFileType = sourcecode.c.objc; path = GKDouyinHomeViewController.m; sourceTree = "<group>"; };
		796CF8AA236D7BBF00983E9B /* GKDouyinScrollView.m */ = {isa = PBXFileReference; fileEncoding = 4; lastKnownFileType = sourcecode.c.objc; path = GKDouyinScrollView.m; sourceTree = "<group>"; };
		796CF8AB236D7BBF00983E9B /* GKDouyinPersonalViewController.m */ = {isa = PBXFileReference; fileEncoding = 4; lastKnownFileType = sourcecode.c.objc; path = GKDouyinPersonalViewController.m; sourceTree = "<group>"; };
		796CF8AC236D7BBF00983E9B /* GKDouyinHomeSearchViewController.m */ = {isa = PBXFileReference; fileEncoding = 4; lastKnownFileType = sourcecode.c.objc; path = GKDouyinHomeSearchViewController.m; sourceTree = "<group>"; };
		796CF8AD236D7BBF00983E9B /* GKDouyinHomePlayerViewController.h */ = {isa = PBXFileReference; fileEncoding = 4; lastKnownFileType = sourcecode.c.h; path = GKDouyinHomePlayerViewController.h; sourceTree = "<group>"; };
		796CF8DE236D7BD900983E9B /* PrefixHeader.pch */ = {isa = PBXFileReference; lastKnownFileType = sourcecode.c.h; path = PrefixHeader.pch; sourceTree = "<group>"; };
		79C48BBA243B0757000B0815 /* GKDemo000ViewController.h */ = {isa = PBXFileReference; lastKnownFileType = sourcecode.c.h; path = GKDemo000ViewController.h; sourceTree = "<group>"; };
		79C48BBB243B0757000B0815 /* GKDemo000ViewController.m */ = {isa = PBXFileReference; lastKnownFileType = sourcecode.c.objc; path = GKDemo000ViewController.m; sourceTree = "<group>"; };
		79C48BBD243B0775000B0815 /* GKDemo000ViewController.xib */ = {isa = PBXFileReference; lastKnownFileType = file.xib; path = GKDemo000ViewController.xib; sourceTree = "<group>"; };
		79C48BC1243B3DEE000B0815 /* web.txt */ = {isa = PBXFileReference; fileEncoding = 4; lastKnownFileType = text; path = web.txt; sourceTree = "<group>"; };
		79C6AFEA237ED92900C636B9 /* GKDemoWebViewController.h */ = {isa = PBXFileReference; lastKnownFileType = sourcecode.c.h; path = GKDemoWebViewController.h; sourceTree = "<group>"; };
		79C6AFEB237ED92900C636B9 /* GKDemoWebViewController.m */ = {isa = PBXFileReference; lastKnownFileType = sourcecode.c.objc; path = GKDemoWebViewController.m; sourceTree = "<group>"; };
		79E572242893793D005EB065 /* GKDemo007ViewController.h */ = {isa = PBXFileReference; lastKnownFileType = sourcecode.c.h; path = GKDemo007ViewController.h; sourceTree = "<group>"; };
		79E572252893793D005EB065 /* GKDemo007ViewController.m */ = {isa = PBXFileReference; lastKnownFileType = sourcecode.c.objc; path = GKDemo007ViewController.m; sourceTree = "<group>"; };
		79E5722728937E07005EB065 /* GKDemo007ListViewController.h */ = {isa = PBXFileReference; lastKnownFileType = sourcecode.c.h; path = GKDemo007ListViewController.h; sourceTree = "<group>"; };
		79E5722828937E07005EB065 /* GKDemo007ListViewController.m */ = {isa = PBXFileReference; lastKnownFileType = sourcecode.c.objc; path = GKDemo007ListViewController.m; sourceTree = "<group>"; };
		C2B06F1CBCB2622ACE63E239 /* Pods-GKNavigationBarExample.release.xcconfig */ = {isa = PBXFileReference; includeInIndex = 1; lastKnownFileType = text.xcconfig; name = "Pods-GKNavigationBarExample.release.xcconfig"; path = "Target Support Files/Pods-GKNavigationBarExample/Pods-GKNavigationBarExample.release.xcconfig"; sourceTree = "<group>"; };
		C3518698EA725761EF29764E /* Pods-GKNavigationBarExample.debug.xcconfig */ = {isa = PBXFileReference; includeInIndex = 1; lastKnownFileType = text.xcconfig; name = "Pods-GKNavigationBarExample.debug.xcconfig"; path = "Target Support Files/Pods-GKNavigationBarExample/Pods-GKNavigationBarExample.debug.xcconfig"; sourceTree = "<group>"; };
/* End PBXFileReference section */

/* Begin PBXFrameworksBuildPhase section */
		79672E90236EC8EB0054300B /* Frameworks */ = {
			isa = PBXFrameworksBuildPhase;
			buildActionMask = 2147483647;
			files = (
			);
			runOnlyForDeploymentPostprocessing = 0;
		};
		796CF7E9236D781400983E9B /* Frameworks */ = {
			isa = PBXFrameworksBuildPhase;
			buildActionMask = 2147483647;
			files = (
				A8DAB537E488DAD24E9CB664 /* Pods_GKNavigationBarExample.framework in Frameworks */,
			);
			runOnlyForDeploymentPostprocessing = 0;
		};
/* End PBXFrameworksBuildPhase section */

/* Begin PBXGroup section */
		47416ADDE20463BCCDF87981 /* Pods */ = {
			isa = PBXGroup;
			children = (
				C3518698EA725761EF29764E /* Pods-GKNavigationBarExample.debug.xcconfig */,
				C2B06F1CBCB2622ACE63E239 /* Pods-GKNavigationBarExample.release.xcconfig */,
			);
			path = Pods;
			sourceTree = "<group>";
		};
		53FBA5D7D76F97E088636095 /* Frameworks */ = {
			isa = PBXGroup;
			children = (
				15E89D0D10B663CF9EF209C1 /* Pods_GKNavigationBarExample.framework */,
			);
			name = Frameworks;
			sourceTree = "<group>";
		};
		608FC6E925469C9C003DB82F /* 微信 */ = {
			isa = PBXGroup;
			children = (
				608FC6EA25469C9C003DB82F /* GKWXViewController.h */,
				608FC6F425469C9C003DB82F /* GKWXViewController.m */,
				608FC6EB25469C9C003DB82F /* tab */,
				608FC6F525469C9C003DB82F /* FloatView */,
			);
			path = "微信";
			sourceTree = "<group>";
		};
		608FC6EB25469C9C003DB82F /* tab */ = {
			isa = PBXGroup;
			children = (
				608FC6F325469C9C003DB82F /* GKWXHomeViewController.h */,
				608FC6EF25469C9C003DB82F /* GKWXHomeViewController.m */,
				608FC6ED25469C9C003DB82F /* GKWXFindViewController.h */,
				608FC6F225469C9C003DB82F /* GKWXFindViewController.m */,
				608FC6EE25469C9C003DB82F /* GKWXMineViewController.h */,
				608FC6F125469C9C003DB82F /* GKWXMineViewController.m */,
				608FC6F025469C9C003DB82F /* GKWXDetailViewController.h */,
				608FC6EC25469C9C003DB82F /* GKWXDetailViewController.m */,
			);
			path = tab;
			sourceTree = "<group>";
		};
		608FC6F525469C9C003DB82F /* FloatView */ = {
			isa = PBXGroup;
			children = (
				608FC6F925469C9C003DB82F /* GKFloatView.h */,
				608FC6F725469C9C003DB82F /* GKFloatView.m */,
				608FC6F825469C9C003DB82F /* GKFloatTransition.h */,
				608FC6F625469C9C003DB82F /* GKFloatTransition.m */,
			);
			path = FloatView;
			sourceTree = "<group>";
		};
		7954428C2D40A9C700D2DEB4 /* Extension */ = {
			isa = PBXGroup;
			children = (
				795442902D40A9FD00D2DEB4 /* UIDevice+GKExtension.h */,
				795442912D40A9FD00D2DEB4 /* UIDevice+GKExtension.m */,
			);
			path = Extension;
			sourceTree = "<group>";
		};
		79672E94236EC8EB0054300B /* GKNavigationBarFramework */ = {
			isa = PBXGroup;
			children = (
				79672E96236EC8EB0054300B /* Info.plist */,
			);
			path = GKNavigationBarFramework;
			sourceTree = "<group>";
		};
		796CF7E3236D781400983E9B = {
			isa = PBXGroup;
			children = (
				796CF7EE236D781400983E9B /* GKNavigationBarExample */,
				79672E94236EC8EB0054300B /* GKNavigationBarFramework */,
				796CF7ED236D781400983E9B /* Products */,
				47416ADDE20463BCCDF87981 /* Pods */,
				53FBA5D7D76F97E088636095 /* Frameworks */,
			);
			sourceTree = "<group>";
		};
		796CF7ED236D781400983E9B /* Products */ = {
			isa = PBXGroup;
			children = (
				796CF7EC236D781400983E9B /* GKNavigationBarExample.app */,
				79672E93236EC8EB0054300B /* GKNavigationBar.framework */,
			);
			name = Products;
			sourceTree = "<group>";
		};
		796CF7EE236D781400983E9B /* GKNavigationBarExample */ = {
			isa = PBXGroup;
			children = (
				796CF843236D7BBF00983E9B /* Demo */,
				796CF7EF236D781400983E9B /* AppDelegate.h */,
				796CF7F0236D781400983E9B /* AppDelegate.m */,
				796CF7FB236D781700983E9B /* Assets.xcassets */,
				796CF7FD236D781700983E9B /* LaunchScreen.storyboard */,
				796CF800236D781700983E9B /* Info.plist */,
				796CF801236D781700983E9B /* main.m */,
				796CF8DE236D7BD900983E9B /* PrefixHeader.pch */,
				79672E89236EC04A0054300B /* .travis.yml */,
				79672E8A236EC0520054300B /* README.md */,
				79672E8C236EC0740054300B /* GKNavigationBar.podspec */,
			);
			path = GKNavigationBarExample;
			sourceTree = "<group>";
		};
		796CF843236D7BBF00983E9B /* Demo */ = {
			isa = PBXGroup;
			children = (
				796CF885236D7BBF00983E9B /* GKMainViewController.h */,
				796CF844236D7BBF00983E9B /* GKMainViewController.m */,
				796CF845236D7BBF00983E9B /* BaseVC */,
				796CF886236D7BBF00983E9B /* DemoVC */,
				796CF8A3236D7BBF00983E9B /* 抖音 */,
				796CF857236D7BBF00983E9B /* 今日头条 */,
				796CF865236D7BBF00983E9B /* 网易云音乐 */,
				796CF873236D7BBF00983E9B /* 网易新闻 */,
				608FC6E925469C9C003DB82F /* 微信 */,
				7954428C2D40A9C700D2DEB4 /* Extension */,
			);
			path = Demo;
			sourceTree = "<group>";
		};
		796CF845236D7BBF00983E9B /* BaseVC */ = {
			isa = PBXGroup;
			children = (
				796CF846236D7BBF00983E9B /* GKDemoBaseViewController.h */,
				796CF849236D7BBF00983E9B /* GKDemoBaseViewController.m */,
				796CF84B236D7BBF00983E9B /* GKTabBaseViewController.h */,
				796CF848236D7BBF00983E9B /* GKTabBaseViewController.m */,
				796CF847236D7BBF00983E9B /* UIView+Extension.h */,
				796CF84A236D7BBF00983E9B /* UIView+Extension.m */,
				794AFC30242F07E900BECA1B /* GKBaseViewController.h */,
				794AFC31242F07E900BECA1B /* GKBaseViewController.m */,
				794AFC35242F4FB600BECA1B /* GKBaseNavigationController.h */,
				794AFC36242F4FB600BECA1B /* GKBaseNavigationController.m */,
				609E890B2644E3A300C15CB1 /* GKPresentViewController.h */,
				609E890C2644E3A300C15CB1 /* GKPresentViewController.m */,
			);
			path = BaseVC;
			sourceTree = "<group>";
		};
		796CF857236D7BBF00983E9B /* 今日头条 */ = {
			isa = PBXGroup;
			children = (
				796CF864236D7BBF00983E9B /* GKToutiaoViewController.h */,
				796CF858236D7BBF00983E9B /* GKToutiaoViewController.m */,
				796CF859236D7BBF00983E9B /* tab */,
			);
			path = "今日头条";
			sourceTree = "<group>";
		};
		796CF859236D7BBF00983E9B /* tab */ = {
			isa = PBXGroup;
			children = (
				796CF85E236D7BBF00983E9B /* GKToutiaoHomeViewController.h */,
				796CF863236D7BBF00983E9B /* GKToutiaoHomeViewController.m */,
				796CF85B236D7BBF00983E9B /* GKToutiaoMicroViewController.h */,
				796CF85F236D7BBF00983E9B /* GKToutiaoMicroViewController.m */,
				796CF862236D7BBF00983E9B /* GKToutiaoVideoViewController.h */,
				796CF85D236D7BBF00983E9B /* GKToutiaoVideoViewController.m */,
				796CF860236D7BBF00983E9B /* GKToutiaoMineViewController.h */,
				796CF85A236D7BBF00983E9B /* GKToutiaoMineViewController.m */,
				796CF861236D7BBF00983E9B /* GKToutiaoDetailViewController.h */,
				796CF85C236D7BBF00983E9B /* GKToutiaoDetailViewController.m */,
			);
			path = tab;
			sourceTree = "<group>";
		};
		796CF865236D7BBF00983E9B /* 网易云音乐 */ = {
			isa = PBXGroup;
			children = (
				796CF866236D7BBF00983E9B /* GKWYMusicViewController.h */,
				796CF872236D7BBF00983E9B /* GKWYMusicViewController.m */,
				796CF867236D7BBF00983E9B /* tab */,
			);
			path = "网易云音乐";
			sourceTree = "<group>";
		};
		796CF867236D7BBF00983E9B /* tab */ = {
			isa = PBXGroup;
			children = (
				796CF869236D7BBF00983E9B /* GKWYMusicFindViewController.h */,
				796CF86E236D7BBF00983E9B /* GKWYMusicFindViewController.m */,
				796CF86A236D7BBF00983E9B /* GKWYMusicFriendViewController.h */,
				796CF86D236D7BBF00983E9B /* GKWYMusicFriendViewController.m */,
				796CF86B236D7BBF00983E9B /* GKWYMusicAccountViewController.h */,
				796CF871236D7BBF00983E9B /* GKWYMusicAccountViewController.m */,
				796CF868236D7BBF00983E9B /* GKWYMusicMineViewController.h */,
				796CF86F236D7BBF00983E9B /* GKWYMusicMineViewController.m */,
				796CF870236D7BBF00983E9B /* GKWYMusicDetailViewController.h */,
				796CF86C236D7BBF00983E9B /* GKWYMusicDetailViewController.m */,
			);
			path = tab;
			sourceTree = "<group>";
		};
		796CF873236D7BBF00983E9B /* 网易新闻 */ = {
			isa = PBXGroup;
			children = (
				796CF884236D7BBF00983E9B /* GKWYNewsViewController.h */,
				796CF874236D7BBF00983E9B /* GKWYNewsViewController.m */,
				796CF875236D7BBF00983E9B /* tab */,
			);
			path = "网易新闻";
			sourceTree = "<group>";
		};
		796CF875236D7BBF00983E9B /* tab */ = {
			isa = PBXGroup;
			children = (
				796CF87D236D7BBF00983E9B /* GKWYNewsHomeViewController.h */,
				796CF877236D7BBF00983E9B /* GKWYNewsHomeViewController.m */,
				796CF880236D7BBF00983E9B /* GKWYNewsNewViewController.h */,
				796CF878236D7BBF00983E9B /* GKWYNewsNewViewController.m */,
				796CF87A236D7BBF00983E9B /* GKWYNewsVideoViewController.h */,
				796CF882236D7BBF00983E9B /* GKWYNewsVideoViewController.m */,
				796CF87C236D7BBF00983E9B /* GKWYNewsLiveViewController.h */,
				796CF883236D7BBF00983E9B /* GKWYNewsLiveViewController.m */,
				796CF87F236D7BBF00983E9B /* GKWYNewsProfileViewController.h */,
				796CF879236D7BBF00983E9B /* GKWYNewsProfileViewController.m */,
				796CF881236D7BBF00983E9B /* GKWYNewsCommentViewController.h */,
				796CF87B236D7BBF00983E9B /* GKWYNewsCommentViewController.m */,
				796CF876236D7BBF00983E9B /* GKWYNewsDetailViewController.h */,
				796CF87E236D7BBF00983E9B /* GKWYNewsDetailViewController.m */,
			);
			path = tab;
			sourceTree = "<group>";
		};
		796CF886236D7BBF00983E9B /* DemoVC */ = {
			isa = PBXGroup;
			children = (
				79C48BBA243B0757000B0815 /* GKDemo000ViewController.h */,
				79C48BBB243B0757000B0815 /* GKDemo000ViewController.m */,
				79C48BBD243B0775000B0815 /* GKDemo000ViewController.xib */,
				796CF8A0236D7BBF00983E9B /* GKDemo001ViewController.h */,
				796CF893236D7BBF00983E9B /* GKDemo001ViewController.m */,
				796CF8A1236D7BBF00983E9B /* GKDemo002ViewController.h */,
				796CF892236D7BBF00983E9B /* GKDemo002ViewController.m */,
				796CF890236D7BBF00983E9B /* GKDemo003ViewController.h */,
				796CF89D236D7BBF00983E9B /* GKDemo003ViewController.m */,
				60B70D75256F8A11008D62FC /* GKDemo004ViewController.h */,
				60B70D76256F8A11008D62FC /* GKDemo004ViewController.m */,
				60B3D7A6258AFBAF003A4C7C /* GKDemo005ViewController.h */,
				60B3D7A7258AFBAF003A4C7C /* GKDemo005ViewController.m */,
				60AF462A27C6061E00E6B76F /* GKDemo006ViewController.h */,
				60AF462B27C6061E00E6B76F /* GKDemo006ViewController.m */,
				79E572242893793D005EB065 /* GKDemo007ViewController.h */,
				79E572252893793D005EB065 /* GKDemo007ViewController.m */,
				79E5722728937E07005EB065 /* GKDemo007ListViewController.h */,
				79E5722828937E07005EB065 /* GKDemo007ListViewController.m */,
				601BB2D3256CA96B001D59C8 /* GKDemoTransitionViewController.h */,
				601BB2D4256CA96B001D59C8 /* GKDemoTransitionViewController.m */,
				79C6AFEA237ED92900C636B9 /* GKDemoWebViewController.h */,
				79C6AFEB237ED92900C636B9 /* GKDemoWebViewController.m */,
				794BB31A2D362DFE00F49D4A /* GKDemo008ViewController.h */,
				794BB31B2D362DFE00F49D4A /* GKDemo008ViewController.m */,
				794BB31D2D363E6F00F49D4A /* GKAVPlayerViewController.h */,
				794BB31E2D363E6F00F49D4A /* GKAVPlayerViewController.m */,
				79C48BC1243B3DEE000B0815 /* web.txt */,
			);
			path = DemoVC;
			sourceTree = "<group>";
		};
		796CF8A3236D7BBF00983E9B /* 抖音 */ = {
			isa = PBXGroup;
			children = (
				796CF8A5236D7BBF00983E9B /* GKDouyinHomeViewController.h */,
				796CF8A9236D7BBF00983E9B /* GKDouyinHomeViewController.m */,
				796CF8A6236D7BBF00983E9B /* GKDouyinHomeSearchViewController.h */,
				796CF8AC236D7BBF00983E9B /* GKDouyinHomeSearchViewController.m */,
				796CF8A7236D7BBF00983E9B /* GKDouyinPersonalViewController.h */,
				796CF8AB236D7BBF00983E9B /* GKDouyinPersonalViewController.m */,
				796CF8AD236D7BBF00983E9B /* GKDouyinHomePlayerViewController.h */,
				796CF8A8236D7BBF00983E9B /* GKDouyinHomePlayerViewController.m */,
				796CF8A4236D7BBF00983E9B /* GKDouyinScrollView.h */,
				796CF8AA236D7BBF00983E9B /* GKDouyinScrollView.m */,
			);
			path = "抖音";
			sourceTree = "<group>";
		};
/* End PBXGroup section */

/* Begin PBXHeadersBuildPhase section */
		79672E8E236EC8EB0054300B /* Headers */ = {
			isa = PBXHeadersBuildPhase;
			buildActionMask = 2147483647;
			files = (
			);
			runOnlyForDeploymentPostprocessing = 0;
		};
/* End PBXHeadersBuildPhase section */

/* Begin PBXNativeTarget section */
		79672E92236EC8EB0054300B /* GKNavigationBarFramework */ = {
			isa = PBXNativeTarget;
			buildConfigurationList = 79672EAB236EC8EB0054300B /* Build configuration list for PBXNativeTarget "GKNavigationBarFramework" */;
			buildPhases = (
				79672E8E236EC8EB0054300B /* Headers */,
				79672E8F236EC8EB0054300B /* Sources */,
				79672E90236EC8EB0054300B /* Frameworks */,
				79672E91236EC8EB0054300B /* Resources */,
			);
			buildRules = (
			);
			dependencies = (
			);
			name = GKNavigationBarFramework;
			productName = GKNavigationBarFramework;
			productReference = 79672E93236EC8EB0054300B /* GKNavigationBar.framework */;
			productType = "com.apple.product-type.framework";
		};
		796CF7EB236D781400983E9B /* GKNavigationBarExample */ = {
			isa = PBXNativeTarget;
			buildConfigurationList = 796CF81B236D781800983E9B /* Build configuration list for PBXNativeTarget "GKNavigationBarExample" */;
			buildPhases = (
				934F9992623C9D66AB0ED581 /* [CP] Check Pods Manifest.lock */,
				796CF7E8236D781400983E9B /* Sources */,
				796CF7E9236D781400983E9B /* Frameworks */,
				796CF7EA236D781400983E9B /* Resources */,
				0DBF1882C0DD8B41D56C35D5 /* [CP] Embed Pods Frameworks */,
			);
			buildRules = (
			);
			dependencies = (
			);
			name = GKNavigationBarExample;
			productName = GKNavigationBarExample;
			productReference = 796CF7EC236D781400983E9B /* GKNavigationBarExample.app */;
			productType = "com.apple.product-type.application";
		};
/* End PBXNativeTarget section */

/* Begin PBXProject section */
		796CF7E4236D781400983E9B /* Project object */ = {
			isa = PBXProject;
			attributes = {
				LastUpgradeCheck = 1320;
				ORGANIZATIONNAME = QuintGao;
				TargetAttributes = {
					79672E92236EC8EB0054300B = {
						CreatedOnToolsVersion = 11.1;
					};
					796CF7EB236D781400983E9B = {
						CreatedOnToolsVersion = 11.1;
						LastSwiftMigration = 1210;
					};
				};
			};
			buildConfigurationList = 796CF7E7236D781400983E9B /* Build configuration list for PBXProject "GKNavigationBarExample" */;
			compatibilityVersion = "Xcode 9.3";
			developmentRegion = en;
			hasScannedForEncodings = 0;
			knownRegions = (
				en,
				Base,
			);
			mainGroup = 796CF7E3236D781400983E9B;
			productRefGroup = 796CF7ED236D781400983E9B /* Products */;
			projectDirPath = "";
			projectRoot = "";
			targets = (
				796CF7EB236D781400983E9B /* GKNavigationBarExample */,
				79672E92236EC8EB0054300B /* GKNavigationBarFramework */,
			);
		};
/* End PBXProject section */

/* Begin PBXResourcesBuildPhase section */
		79672E91236EC8EB0054300B /* Resources */ = {
			isa = PBXResourcesBuildPhase;
			buildActionMask = 2147483647;
			files = (
			);
			runOnlyForDeploymentPostprocessing = 0;
		};
		796CF7EA236D781400983E9B /* Resources */ = {
			isa = PBXResourcesBuildPhase;
			buildActionMask = 2147483647;
			files = (
				79C48BC2243B3DEE000B0815 /* web.txt in Resources */,
				79C48BBE243B0775000B0815 /* GKDemo000ViewController.xib in Resources */,
				79672E8D236EC0740054300B /* GKNavigationBar.podspec in Resources */,
				79672E8B236EC0520054300B /* README.md in Resources */,
				796CF7FF236D781700983E9B /* LaunchScreen.storyboard in Resources */,
				796CF7FC236D781700983E9B /* Assets.xcassets in Resources */,
			);
			runOnlyForDeploymentPostprocessing = 0;
		};
/* End PBXResourcesBuildPhase section */

/* Begin PBXShellScriptBuildPhase section */
		0DBF1882C0DD8B41D56C35D5 /* [CP] Embed Pods Frameworks */ = {
			isa = PBXShellScriptBuildPhase;
			buildActionMask = 2147483647;
			files = (
			);
			inputFileListPaths = (
				"${PODS_ROOT}/Target Support Files/Pods-GKNavigationBarExample/Pods-GKNavigationBarExample-frameworks-${CONFIGURATION}-input-files.xcfilelist",
			);
			name = "[CP] Embed Pods Frameworks";
			outputFileListPaths = (
				"${PODS_ROOT}/Target Support Files/Pods-GKNavigationBarExample/Pods-GKNavigationBarExample-frameworks-${CONFIGURATION}-output-files.xcfilelist",
			);
			runOnlyForDeploymentPostprocessing = 0;
			shellPath = /bin/sh;
			shellScript = "\"${PODS_ROOT}/Target Support Files/Pods-GKNavigationBarExample/Pods-GKNavigationBarExample-frameworks.sh\"\n";
			showEnvVarsInLog = 0;
		};
		934F9992623C9D66AB0ED581 /* [CP] Check Pods Manifest.lock */ = {
			isa = PBXShellScriptBuildPhase;
			buildActionMask = 2147483647;
			files = (
			);
			inputFileListPaths = (
			);
			inputPaths = (
				"${PODS_PODFILE_DIR_PATH}/Podfile.lock",
				"${PODS_ROOT}/Manifest.lock",
			);
			name = "[CP] Check Pods Manifest.lock";
			outputFileListPaths = (
			);
			outputPaths = (
				"$(DERIVED_FILE_DIR)/Pods-GKNavigationBarExample-checkManifestLockResult.txt",
			);
			runOnlyForDeploymentPostprocessing = 0;
			shellPath = /bin/sh;
			shellScript = "diff \"${PODS_PODFILE_DIR_PATH}/Podfile.lock\" \"${PODS_ROOT}/Manifest.lock\" > /dev/null\nif [ $? != 0 ] ; then\n    # print error to STDERR\n    echo \"error: The sandbox is not in sync with the Podfile.lock. Run 'pod install' or update your CocoaPods installation.\" >&2\n    exit 1\nfi\n# This output is used by Xcode 'outputs' to avoid re-running this script phase.\necho \"SUCCESS\" > \"${SCRIPT_OUTPUT_FILE_0}\"\n";
			showEnvVarsInLog = 0;
		};
/* End PBXShellScriptBuildPhase section */

/* Begin PBXSourcesBuildPhase section */
		79672E8F236EC8EB0054300B /* Sources */ = {
			isa = PBXSourcesBuildPhase;
			buildActionMask = 2147483647;
			files = (
			);
			runOnlyForDeploymentPostprocessing = 0;
		};
		796CF7E8236D781400983E9B /* Sources */ = {
			isa = PBXSourcesBuildPhase;
			buildActionMask = 2147483647;
			files = (
				608FC6FB25469C9C003DB82F /* GKWXHomeViewController.m in Sources */,
				608FC6FC25469C9C003DB82F /* GKWXMineViewController.m in Sources */,
				608FC6FF25469C9C003DB82F /* GKFloatTransition.m in Sources */,
				796CF8D1236D7BBF00983E9B /* GKDemo002ViewController.m in Sources */,
				796CF8C4236D7BBF00983E9B /* GKWYNewsHomeViewController.m in Sources */,
				796CF8B8236D7BBF00983E9B /* GKToutiaoMineViewController.m in Sources */,
				796CF8B7236D7BBF00983E9B /* GKToutiaoViewController.m in Sources */,
				79E572262893793D005EB065 /* GKDemo007ViewController.m in Sources */,
				794BB31F2D363E6F00F49D4A /* GKAVPlayerViewController.m in Sources */,
				796CF8B1236D7BBF00983E9B /* UIView+Extension.m in Sources */,
				60AF462C27C6061E00E6B76F /* GKDemo006ViewController.m in Sources */,
				796CF8B0236D7BBF00983E9B /* GKDemoBaseViewController.m in Sources */,
				796CF8CA236D7BBF00983E9B /* GKWYNewsLiveViewController.m in Sources */,
				796CF8C7236D7BBF00983E9B /* GKWYNewsCommentViewController.m in Sources */,
				608FC6FA25469C9C003DB82F /* GKWXDetailViewController.m in Sources */,
				796CF7F1236D781400983E9B /* AppDelegate.m in Sources */,
				796CF8C5236D7BBF00983E9B /* GKWYNewsNewViewController.m in Sources */,
				796CF8C8236D7BBF00983E9B /* GKWYNewsDetailViewController.m in Sources */,
				796CF8BF236D7BBF00983E9B /* GKWYMusicFindViewController.m in Sources */,
				796CF8BD236D7BBF00983E9B /* GKWYMusicDetailViewController.m in Sources */,
				79C6AFEC237ED92900C636B9 /* GKDemoWebViewController.m in Sources */,
				796CF8C3236D7BBF00983E9B /* GKWYNewsViewController.m in Sources */,
				796CF8DC236D7BBF00983E9B /* GKDouyinPersonalViewController.m in Sources */,
				796CF8B9236D7BBF00983E9B /* GKToutiaoDetailViewController.m in Sources */,
				794AFC37242F4FB600BECA1B /* GKBaseNavigationController.m in Sources */,
				796CF8BE236D7BBF00983E9B /* GKWYMusicFriendViewController.m in Sources */,
				796CF8BA236D7BBF00983E9B /* GKToutiaoVideoViewController.m in Sources */,
				796CF8DD236D7BBF00983E9B /* GKDouyinHomeSearchViewController.m in Sources */,
				796CF8C6236D7BBF00983E9B /* GKWYNewsProfileViewController.m in Sources */,
				609E890D2644E3A300C15CB1 /* GKPresentViewController.m in Sources */,
				601BB2D5256CA96B001D59C8 /* GKDemoTransitionViewController.m in Sources */,
				796CF8C1236D7BBF00983E9B /* GKWYMusicAccountViewController.m in Sources */,
				796CF8C9236D7BBF00983E9B /* GKWYNewsVideoViewController.m in Sources */,
				796CF8D6236D7BBF00983E9B /* GKDemo003ViewController.m in Sources */,
				608FC70025469C9C003DB82F /* GKFloatView.m in Sources */,
				608FC6FD25469C9C003DB82F /* GKWXFindViewController.m in Sources */,
				796CF8BB236D7BBF00983E9B /* GKToutiaoMicroViewController.m in Sources */,
				608FC6FE25469C9C003DB82F /* GKWXViewController.m in Sources */,
				796CF8DB236D7BBF00983E9B /* GKDouyinScrollView.m in Sources */,
				796CF8C2236D7BBF00983E9B /* GKWYMusicViewController.m in Sources */,
				796CF802236D781700983E9B /* main.m in Sources */,
				796CF8D2236D7BBF00983E9B /* GKDemo001ViewController.m in Sources */,
				60B3D7A8258AFBAF003A4C7C /* GKDemo005ViewController.m in Sources */,
				796CF8DA236D7BBF00983E9B /* GKDouyinHomeViewController.m in Sources */,
				796CF8AE236D7BBF00983E9B /* GKMainViewController.m in Sources */,
				794AFC32242F07EA00BECA1B /* GKBaseViewController.m in Sources */,
				60B70D77256F8A11008D62FC /* GKDemo004ViewController.m in Sources */,
				796CF8AF236D7BBF00983E9B /* GKTabBaseViewController.m in Sources */,
				79C48BBC243B0757000B0815 /* GKDemo000ViewController.m in Sources */,
				796CF8C0236D7BBF00983E9B /* GKWYMusicMineViewController.m in Sources */,
				795442922D40A9FD00D2DEB4 /* UIDevice+GKExtension.m in Sources */,
				79E5722928937E07005EB065 /* GKDemo007ListViewController.m in Sources */,
				794BB31C2D362DFE00F49D4A /* GKDemo008ViewController.m in Sources */,
				796CF8BC236D7BBF00983E9B /* GKToutiaoHomeViewController.m in Sources */,
				796CF8D9236D7BBF00983E9B /* GKDouyinHomePlayerViewController.m in Sources */,
			);
			runOnlyForDeploymentPostprocessing = 0;
		};
/* End PBXSourcesBuildPhase section */

/* Begin PBXVariantGroup section */
		796CF7FD236D781700983E9B /* LaunchScreen.storyboard */ = {
			isa = PBXVariantGroup;
			children = (
				796CF7FE236D781700983E9B /* Base */,
			);
			name = LaunchScreen.storyboard;
			sourceTree = "<group>";
		};
/* End PBXVariantGroup section */

/* Begin XCBuildConfiguration section */
		79672EAC236EC8EB0054300B /* Debug */ = {
			isa = XCBuildConfiguration;
			buildSettings = {
				CODE_SIGN_STYLE = Automatic;
				CURRENT_PROJECT_VERSION = 1;
				DEFINES_MODULE = YES;
				DYLIB_COMPATIBILITY_VERSION = 1;
				DYLIB_CURRENT_VERSION = 1;
				DYLIB_INSTALL_NAME_BASE = "@rpath";
				INFOPLIST_FILE = GKNavigationBarFramework/Info.plist;
				INSTALL_PATH = "$(LOCAL_LIBRARY_DIR)/Frameworks";
				IPHONEOS_DEPLOYMENT_TARGET = 9.0;
				LD_RUNPATH_SEARCH_PATHS = (
					"$(inherited)",
					"@executable_path/Frameworks",
					"@loader_path/Frameworks",
				);
				OTHER_LDFLAGS = "-all_load";
				PRODUCT_BUNDLE_IDENTIFIER = com.aiyinsitanfm.GKNavigationBarFramework;
				PRODUCT_MODULE_NAME = GKNavigationBar;
				PRODUCT_NAME = GKNavigationBar;
				SKIP_INSTALL = YES;
				TARGETED_DEVICE_FAMILY = "1,2";
				VERSIONING_SYSTEM = "apple-generic";
				VERSION_INFO_PREFIX = "";
			};
			name = Debug;
		};
		79672EAD236EC8EB0054300B /* Release */ = {
			isa = XCBuildConfiguration;
			buildSettings = {
				CODE_SIGN_STYLE = Automatic;
				CURRENT_PROJECT_VERSION = 1;
				DEFINES_MODULE = YES;
				DYLIB_COMPATIBILITY_VERSION = 1;
				DYLIB_CURRENT_VERSION = 1;
				DYLIB_INSTALL_NAME_BASE = "@rpath";
				INFOPLIST_FILE = GKNavigationBarFramework/Info.plist;
				INSTALL_PATH = "$(LOCAL_LIBRARY_DIR)/Frameworks";
				IPHONEOS_DEPLOYMENT_TARGET = 9.0;
				LD_RUNPATH_SEARCH_PATHS = (
					"$(inherited)",
					"@executable_path/Frameworks",
					"@loader_path/Frameworks",
				);
				OTHER_LDFLAGS = "-all_load";
				PRODUCT_BUNDLE_IDENTIFIER = com.aiyinsitanfm.GKNavigationBarFramework;
				PRODUCT_MODULE_NAME = GKNavigationBar;
				PRODUCT_NAME = GKNavigationBar;
				SKIP_INSTALL = YES;
				TARGETED_DEVICE_FAMILY = "1,2";
				VERSIONING_SYSTEM = "apple-generic";
				VERSION_INFO_PREFIX = "";
			};
			name = Release;
		};
		796CF819236D781800983E9B /* Debug */ = {
			isa = XCBuildConfiguration;
			buildSettings = {
				ALWAYS_SEARCH_USER_PATHS = NO;
				CLANG_ANALYZER_NONNULL = YES;
				CLANG_ANALYZER_NUMBER_OBJECT_CONVERSION = YES_AGGRESSIVE;
				CLANG_CXX_LANGUAGE_STANDARD = "gnu++14";
				CLANG_CXX_LIBRARY = "libc++";
				CLANG_ENABLE_MODULES = YES;
				CLANG_ENABLE_OBJC_ARC = YES;
				CLANG_ENABLE_OBJC_WEAK = YES;
				CLANG_WARN_BLOCK_CAPTURE_AUTORELEASING = YES;
				CLANG_WARN_BOOL_CONVERSION = YES;
				CLANG_WARN_COMMA = YES;
				CLANG_WARN_CONSTANT_CONVERSION = YES;
				CLANG_WARN_DEPRECATED_OBJC_IMPLEMENTATIONS = YES;
				CLANG_WARN_DIRECT_OBJC_ISA_USAGE = YES_ERROR;
				CLANG_WARN_DOCUMENTATION_COMMENTS = YES;
				CLANG_WARN_EMPTY_BODY = YES;
				CLANG_WARN_ENUM_CONVERSION = YES;
				CLANG_WARN_INFINITE_RECURSION = YES;
				CLANG_WARN_INT_CONVERSION = YES;
				CLANG_WARN_NON_LITERAL_NULL_CONVERSION = YES;
				CLANG_WARN_OBJC_IMPLICIT_RETAIN_SELF = YES;
				CLANG_WARN_OBJC_LITERAL_CONVERSION = YES;
				CLANG_WARN_OBJC_ROOT_CLASS = YES_ERROR;
				CLANG_WARN_QUOTED_INCLUDE_IN_FRAMEWORK_HEADER = YES;
				CLANG_WARN_RANGE_LOOP_ANALYSIS = YES;
				CLANG_WARN_STRICT_PROTOTYPES = YES;
				CLANG_WARN_SUSPICIOUS_MOVE = YES;
				CLANG_WARN_UNGUARDED_AVAILABILITY = YES_AGGRESSIVE;
				CLANG_WARN_UNREACHABLE_CODE = YES;
				CLANG_WARN__DUPLICATE_METHOD_MATCH = YES;
				COPY_PHASE_STRIP = NO;
				DEBUG_INFORMATION_FORMAT = dwarf;
				ENABLE_STRICT_OBJC_MSGSEND = YES;
				ENABLE_TESTABILITY = YES;
				GCC_C_LANGUAGE_STANDARD = gnu11;
				GCC_DYNAMIC_NO_PIC = NO;
				GCC_NO_COMMON_BLOCKS = YES;
				GCC_OPTIMIZATION_LEVEL = 0;
				GCC_PREPROCESSOR_DEFINITIONS = (
					"DEBUG=1",
					"$(inherited)",
				);
				GCC_WARN_64_TO_32_BIT_CONVERSION = YES;
				GCC_WARN_ABOUT_RETURN_TYPE = YES_ERROR;
				GCC_WARN_UNDECLARED_SELECTOR = YES;
				GCC_WARN_UNINITIALIZED_AUTOS = YES_AGGRESSIVE;
				GCC_WARN_UNUSED_FUNCTION = YES;
				GCC_WARN_UNUSED_VARIABLE = YES;
				IPHONEOS_DEPLOYMENT_TARGET = 13.1;
				MTL_ENABLE_DEBUG_INFO = INCLUDE_SOURCE;
				MTL_FAST_MATH = YES;
				ONLY_ACTIVE_ARCH = YES;
				SDKROOT = iphoneos;
			};
			name = Debug;
		};
		796CF81A236D781800983E9B /* Release */ = {
			isa = XCBuildConfiguration;
			buildSettings = {
				ALWAYS_SEARCH_USER_PATHS = NO;
				CLANG_ANALYZER_NONNULL = YES;
				CLANG_ANALYZER_NUMBER_OBJECT_CONVERSION = YES_AGGRESSIVE;
				CLANG_CXX_LANGUAGE_STANDARD = "gnu++14";
				CLANG_CXX_LIBRARY = "libc++";
				CLANG_ENABLE_MODULES = YES;
				CLANG_ENABLE_OBJC_ARC = YES;
				CLANG_ENABLE_OBJC_WEAK = YES;
				CLANG_WARN_BLOCK_CAPTURE_AUTORELEASING = YES;
				CLANG_WARN_BOOL_CONVERSION = YES;
				CLANG_WARN_COMMA = YES;
				CLANG_WARN_CONSTANT_CONVERSION = YES;
				CLANG_WARN_DEPRECATED_OBJC_IMPLEMENTATIONS = YES;
				CLANG_WARN_DIRECT_OBJC_ISA_USAGE = YES_ERROR;
				CLANG_WARN_DOCUMENTATION_COMMENTS = YES;
				CLANG_WARN_EMPTY_BODY = YES;
				CLANG_WARN_ENUM_CONVERSION = YES;
				CLANG_WARN_INFINITE_RECURSION = YES;
				CLANG_WARN_INT_CONVERSION = YES;
				CLANG_WARN_NON_LITERAL_NULL_CONVERSION = YES;
				CLANG_WARN_OBJC_IMPLICIT_RETAIN_SELF = YES;
				CLANG_WARN_OBJC_LITERAL_CONVERSION = YES;
				CLANG_WARN_OBJC_ROOT_CLASS = YES_ERROR;
				CLANG_WARN_QUOTED_INCLUDE_IN_FRAMEWORK_HEADER = YES;
				CLANG_WARN_RANGE_LOOP_ANALYSIS = YES;
				CLANG_WARN_STRICT_PROTOTYPES = YES;
				CLANG_WARN_SUSPICIOUS_MOVE = YES;
				CLANG_WARN_UNGUARDED_AVAILABILITY = YES_AGGRESSIVE;
				CLANG_WARN_UNREACHABLE_CODE = YES;
				CLANG_WARN__DUPLICATE_METHOD_MATCH = YES;
				COPY_PHASE_STRIP = NO;
				DEBUG_INFORMATION_FORMAT = "dwarf-with-dsym";
				ENABLE_NS_ASSERTIONS = NO;
				ENABLE_STRICT_OBJC_MSGSEND = YES;
				GCC_C_LANGUAGE_STANDARD = gnu11;
				GCC_NO_COMMON_BLOCKS = YES;
				GCC_WARN_64_TO_32_BIT_CONVERSION = YES;
				GCC_WARN_ABOUT_RETURN_TYPE = YES_ERROR;
				GCC_WARN_UNDECLARED_SELECTOR = YES;
				GCC_WARN_UNINITIALIZED_AUTOS = YES_AGGRESSIVE;
				GCC_WARN_UNUSED_FUNCTION = YES;
				GCC_WARN_UNUSED_VARIABLE = YES;
				IPHONEOS_DEPLOYMENT_TARGET = 13.1;
				MTL_ENABLE_DEBUG_INFO = NO;
				MTL_FAST_MATH = YES;
				SDKROOT = iphoneos;
				SWIFT_COMPILATION_MODE = wholemodule;
				VALIDATE_PRODUCT = YES;
			};
			name = Release;
		};
		796CF81C236D781800983E9B /* Debug */ = {
			isa = XCBuildConfiguration;
			baseConfigurationReference = C3518698EA725761EF29764E /* Pods-GKNavigationBarExample.debug.xcconfig */;
			buildSettings = {
				ASSETCATALOG_COMPILER_APPICON_NAME = AppIcon;
				CLANG_ENABLE_MODULES = YES;
				CODE_SIGN_IDENTITY = "Apple Development";
				CODE_SIGN_STYLE = Automatic;
				DEVELOPMENT_TEAM = JWMR39G949;
				GCC_PREFIX_HEADER = GKNavigationBarExample/PrefixHeader.pch;
				INFOPLIST_FILE = GKNavigationBarExample/Info.plist;
				IPHONEOS_DEPLOYMENT_TARGET = 9.0;
				LD_RUNPATH_SEARCH_PATHS = (
					"$(inherited)",
					"@executable_path/Frameworks",
				);
				PRODUCT_BUNDLE_IDENTIFIER = com.app.gknavigationbar;
				PRODUCT_NAME = "$(TARGET_NAME)";
				PROVISIONING_PROFILE_SPECIFIER = "";
				SWIFT_OPTIMIZATION_LEVEL = "-Onone";
				SWIFT_VERSION = 5.0;
				TARGETED_DEVICE_FAMILY = "1,2";
			};
			name = Debug;
		};
		796CF81D236D781800983E9B /* Release */ = {
			isa = XCBuildConfiguration;
			baseConfigurationReference = C2B06F1CBCB2622ACE63E239 /* Pods-GKNavigationBarExample.release.xcconfig */;
			buildSettings = {
				ASSETCATALOG_COMPILER_APPICON_NAME = AppIcon;
				CLANG_ENABLE_MODULES = YES;
				CODE_SIGN_IDENTITY = "Apple Development";
				CODE_SIGN_STYLE = Automatic;
				DEVELOPMENT_TEAM = JWMR39G949;
				GCC_PREFIX_HEADER = GKNavigationBarExample/PrefixHeader.pch;
				INFOPLIST_FILE = GKNavigationBarExample/Info.plist;
				IPHONEOS_DEPLOYMENT_TARGET = 9.0;
				LD_RUNPATH_SEARCH_PATHS = (
					"$(inherited)",
					"@executable_path/Frameworks",
				);
				PRODUCT_BUNDLE_IDENTIFIER = com.app.gknavigationbar;
				PRODUCT_NAME = "$(TARGET_NAME)";
				PROVISIONING_PROFILE_SPECIFIER = "";
				SWIFT_VERSION = 5.0;
				TARGETED_DEVICE_FAMILY = "1,2";
			};
			name = Release;
		};
/* End XCBuildConfiguration section */

/* Begin XCConfigurationList section */
		79672EAB236EC8EB0054300B /* Build configuration list for PBXNativeTarget "GKNavigationBarFramework" */ = {
			isa = XCConfigurationList;
			buildConfigurations = (
				79672EAC236EC8EB0054300B /* Debug */,
				79672EAD236EC8EB0054300B /* Release */,
			);
			defaultConfigurationIsVisible = 0;
			defaultConfigurationName = Release;
		};
		796CF7E7236D781400983E9B /* Build configuration list for PBXProject "GKNavigationBarExample" */ = {
			isa = XCConfigurationList;
			buildConfigurations = (
				796CF819236D781800983E9B /* Debug */,
				796CF81A236D781800983E9B /* Release */,
			);
			defaultConfigurationIsVisible = 0;
			defaultConfigurationName = Release;
		};
		796CF81B236D781800983E9B /* Build configuration list for PBXNativeTarget "GKNavigationBarExample" */ = {
			isa = XCConfigurationList;
			buildConfigurations = (
				796CF81C236D781800983E9B /* Debug */,
				796CF81D236D781800983E9B /* Release */,
			);
			defaultConfigurationIsVisible = 0;
			defaultConfigurationName = Release;
		};
/* End XCConfigurationList section */
	};
	rootObject = 796CF7E4236D781400983E9B /* Project object */;
}
