PODS:
  - GKNavigationBar (1.6.5):
    - GKNavigationBar/GestureHandle (= 1.6.5)
    - GKNavigationBar/NavigationBar (= 1.6.5)
  - GKNavigationBar/GestureHandle (1.6.5)
  - GKNavigationBar/NavigationBar (1.6.5)
  - Masonry (1.1.0)
  - TZImagePickerController (3.7.2)

DEPENDENCIES:
  - GKNavigationBar (from `../`)
  - Masonry
  - TZImagePickerController

SPEC REPOS:
  https://github.com/CocoaPods/Specs.git:
    - Masonry
    - TZImagePickerController

EXTERNAL SOURCES:
  GKNavigationBar:
    :path: "../"

SPEC CHECKSUMS:
  GKNavigationBar: 6ff26aab2246e9f258aef2a02735dc823be314f8
  Masonry: 678fab65091a9290e40e2832a55e7ab731aad201
  TZImagePickerController: 0f926234c46362d3c4ed128832b6da59b2d9917e

PODFILE CHECKSUM: 95fda486a7cfa7f6da3af0b1d5950da0b15791fd

COCOAPODS: 1.11.2
